
Microsoft Visual Studio Solution File, Format Version 12.00
# Visual Studio Version 16
VisualStudioVersion = 16.0.30011.22
MinimumVisualStudioVersion = 10.0.40219.1
Project("{9A19103F-16F7-4668-BE54-9A1E7A4F7556}") = "MicrosoftGraphAPIBot", "MicrosoftGraphAPIBot\MicrosoftGraphAPIBot.csproj", "{43CB5125-A68A-4DC6-9688-6D32ED673034}"
EndProject
Project("{2150E333-8FDC-42A3-9474-1A3956D46DE8}") = "Solution Items", "Solution Items", "{56F854F3-9D93-4039-83E7-D80EC520854D}"
	ProjectSection(SolutionItems) = preProject
		.editorconfig = .editorconfig
		appsettings.json.example = appsettings.json.example
	EndProjectSection
EndProject
Project("{9A19103F-16F7-4668-BE54-9A1E7A4F7556}") = "MicrosoftGraphBotTests", "MicrosoftGraphBotTests\MicrosoftGraphBotTests.csproj", "{6B0A57C5-243D-427C-A4A0-1585118D7E1D}"
EndProject
Project("{9A19103F-16F7-4668-BE54-9A1E7A4F7556}") = "MSGraphAuthApi", "MSGraphAuthApi\MSGraphAuthApi.csproj", "{06B6E832-30B2-40BE-84AD-143BE9F1905E}"
EndProject
Global
	GlobalSection(SolutionConfigurationPlatforms) = preSolution
		Debug|Any CPU = Debug|Any CPU
		Release|Any CPU = Release|Any CPU
	EndGlobalSection
	GlobalSection(ProjectConfigurationPlatforms) = postSolution
		{43CB5125-A68A-4DC6-9688-6D32ED673034}.Debug|Any CPU.ActiveCfg = Debug|Any CPU
		{43CB5125-A68A-4DC6-9688-6D32ED673034}.Debug|Any CPU.Build.0 = Debug|Any CPU
		{43CB5125-A68A-4DC6-9688-6D32ED673034}.Release|Any CPU.ActiveCfg = Release|Any CPU
		{43CB5125-A68A-4DC6-9688-6D32ED673034}.Release|Any CPU.Build.0 = Release|Any CPU
		{6B0A57C5-243D-427C-A4A0-1585118D7E1D}.Debug|Any CPU.ActiveCfg = Debug|Any CPU
		{6B0A57C5-243D-427C-A4A0-1585118D7E1D}.Debug|Any CPU.Build.0 = Debug|Any CPU
		{6B0A57C5-243D-427C-A4A0-1585118D7E1D}.Release|Any CPU.ActiveCfg = Release|Any CPU
		{6B0A57C5-243D-427C-A4A0-1585118D7E1D}.Release|Any CPU.Build.0 = Release|Any CPU
		{06B6E832-30B2-40BE-84AD-143BE9F1905E}.Debug|Any CPU.ActiveCfg = Debug|Any CPU
		{06B6E832-30B2-40BE-84AD-143BE9F1905E}.Debug|Any CPU.Build.0 = Debug|Any CPU
		{06B6E832-30B2-40BE-84AD-143BE9F1905E}.Release|Any CPU.ActiveCfg = Release|Any CPU
		{06B6E832-30B2-40BE-84AD-143BE9F1905E}.Release|Any CPU.Build.0 = Release|Any CPU
	EndGlobalSection
	GlobalSection(SolutionProperties) = preSolution
		HideSolutionNode = FALSE
	EndGlobalSection
	GlobalSection(ExtensibilityGlobals) = postSolution
		SolutionGuid = {B335E81C-AE4A-4B50-B032-7E0E5800B3BC}
	EndGlobalSection
EndGlobal
